lockfileVersion: '9.0'

settings:
  autoInstallPeers: true
  excludeLinksFromLockfile: false

importers:

  .:
    dependencies:
      '@clerk/nextjs':
        specifier: ^6.37.3
        version: 6.37.3(next@14.2.35(react-dom@18.3.1(react@18.3.1))(react@18.3.1))(react-dom@18.3.1(react@18.3.1))(react@18.3.1)
      '@supabase/supabase-js':
        specifier: ^2.89.0
        version: 2.95.3
      lucide-react:
        specifier: ^0.460.0
        version: 0.460.0(react@18.3.1)
      next:
        specifier: 14.2.35
        version: 14.2.35(react-dom@18.3.1(react@18.3.1))(react@18.3.1)
      react:
        specifier: ^18
        version: 18.3.1
      react-dom:
        specifier: ^18
        version: 18.3.1(react@18.3.1)
    devDependencies:
      '@types/node':
        specifier: ^22
        version: 22.19.10
      '@types/react':
        specifier: ^19
        version: 19.2.13
      '@types/react-dom':
        specifier: ^19
        version: 19.2.3(@types/react@19.2.13)
      typescript:
        specifier: ^5
        version: 5.9.3

packages:

  '@clerk/backend@2.30.1':
    resolution: {integrity: sha512-GoxnJzVH0ycNPAGCDMfo3lPBFbo5nehpLSVFjgGEnzIRGGahBtAB8PQT7KM2zo58pD8apjb/+suhcB/WCiEasQ==}
    engines: {node: '>=18.17.0'}

  '@clerk/clerk-react@5.60.0':
    resolution: {integrity: sha512-P88FncsJpq/3WZJhhlj+md8mYb35BIXpr462C/figwsBGHsinr8VuBQUMcMZZ/6M34C8ABfLTPa6PHVp6+3D5Q==}
    engines: {node: '>=18.17.0'}
    peerDependencies:
      react: ^18.0.0 || ~19.0.3 || ~19.1.4 || ~19.2.3 || ~19.3.0-0
      react-dom: ^18.0.0 || ~19.0.3 || ~19.1.4 || ~19.2.3 || ~19.3.0-0

  '@clerk/nextjs@6.37.3':
    resolution: {integrity: sha512-kammmf4b5R2Izb/SN4UbEa/6rdyop9fPHwZkyyJoVfgMLFM26fwpXWaSqVJPe4YL2BmHKP+orIOolzTmEhhdQQ==}
    engines: {node: '>=18.17.0'}
    peerDependencies:
      next: ^13.5.7 || ^14.2.25 || ^15.2.3 || ^16
      react: ^18.0.0 || ~19.0.3 || ~19.1.4 || ~19.2.3 || ~19.3.0-0
      react-dom: ^18.0.0 || ~19.0.3 || ~19.1.4 || ~19.2.3 || ~19.3.0-0

  '@clerk/shared@3.44.0':
    resolution: {integrity: sha512-kH+chNeZwqml3IDpWLgebWECfOZifyUQO4OISd/96w1EuCY1Bzw6cBq/ZbpsoO8jyG8/6bGr/MGXLhDzTrpPfA==}
    engines: {node: '>=18.17.0'}
    peerDependencies:
      react: ^18.0.0 || ~19.0.3 || ~19.1.4 || ~19.2.3 || ~19.3.0-0
      react-dom: ^18.0.0 || ~19.0.3 || ~19.1.4 || ~19.2.3 || ~19.3.0-0
    peerDependenciesMeta:
      react:
        optional: true
      react-dom:
        optional: true

  '@clerk/types@4.101.14':
    resolution: {integrity: sha512-jl7DywmeaZx1IntgEXcjDZq2uyk+X/1yAZOjxOboeGTS0rNTiQNhv7xK8tFVjexsUAFrYlwC1AxhFuJiMDQjow==}
    engines: {node: '>=18.17.0'}

  '@next/env@14.2.35':
    resolution: {integrity: sha512-DuhvCtj4t9Gwrx80dmz2F4t/zKQ4ktN8WrMwOuVzkJfBilwAwGr6v16M5eI8yCuZ63H9TTuEU09Iu2HqkzFPVQ==}

  '@next/swc-darwin-arm64@14.2.33':
    resolution: {integrity: sha512-HqYnb6pxlsshoSTubdXKu15g3iivcbsMXg4bYpjL2iS/V6aQot+iyF4BUc2qA/J/n55YtvE4PHMKWBKGCF/+wA==}
    engines: {node: '>= 10'}
    cpu: [arm64]
    os: [darwin]

  '@next/swc-darwin-x64@14.2.33':
    resolution: {integrity: sha512-8HGBeAE5rX3jzKvF593XTTFg3gxeU4f+UWnswa6JPhzaR6+zblO5+fjltJWIZc4aUalqTclvN2QtTC37LxvZAA==}
    engines: {node: '>= 10'}
    cpu: [x64]
    os: [darwin]

  '@next/swc-linux-arm64-gnu@14.2.33':
    resolution: {integrity: sha512-JXMBka6lNNmqbkvcTtaX8Gu5by9547bukHQvPoLe9VRBx1gHwzf5tdt4AaezW85HAB3pikcvyqBToRTDA4DeLw==}
    engines: {node: '>= 10'}
    cpu: [arm64]
    os: [linux]

  '@next/swc-linux-arm64-musl@14.2.33':
    resolution: {integrity: sha512-Bm+QulsAItD/x6Ih8wGIMfRJy4G73tu1HJsrccPW6AfqdZd0Sfm5Imhgkgq2+kly065rYMnCOxTBvmvFY1BKfg==}
    engines: {node: '>= 10'}
    cpu: [arm64]
    os: [linux]

  '@next/swc-linux-x64-gnu@14.2.33':
    resolution: {integrity: sha512-FnFn+ZBgsVMbGDsTqo8zsnRzydvsGV8vfiWwUo1LD8FTmPTdV+otGSWKc4LJec0oSexFnCYVO4hX8P8qQKaSlg==}
    engines: {node: '>= 10'}
    cpu: [x64]
    os: [linux]

  '@next/swc-linux-x64-musl@14.2.33':
    resolution: {integrity: sha512-345tsIWMzoXaQndUTDv1qypDRiebFxGYx9pYkhwY4hBRaOLt8UGfiWKr9FSSHs25dFIf8ZqIFaPdy5MljdoawA==}
    engines: {node: '>= 10'}
    cpu: [x64]
    os: [linux]

  '@next/swc-win32-arm64-msvc@14.2.33':
    resolution: {integrity: sha512-nscpt0G6UCTkrT2ppnJnFsYbPDQwmum4GNXYTeoTIdsmMydSKFz9Iny2jpaRupTb+Wl298+Rh82WKzt9LCcqSQ==}
    engines: {node: '>= 10'}
    cpu: [arm64]
    os: [win32]

  '@next/swc-win32-ia32-msvc@14.2.33':
    resolution: {integrity: sha512-pc9LpGNKhJ0dXQhZ5QMmYxtARwwmWLpeocFmVG5Z0DzWq5Uf0izcI8tLc+qOpqxO1PWqZ5A7J1blrUIKrIFc7Q==}
    engines: {node: '>= 10'}
    cpu: [ia32]
    os: [win32]

  '@next/swc-win32-x64-msvc@14.2.33':
    resolution: {integrity: sha512-nOjfZMy8B94MdisuzZo9/57xuFVLHJaDj5e/xrduJp9CV2/HrfxTRH2fbyLe+K9QT41WBLUd4iXX3R7jBp0EUg==}
    engines: {node: '>= 10'}
    cpu: [x64]
    os: [win32]

  '@stablelib/base64@1.0.1':
    resolution: {integrity: sha512-1bnPQqSxSuc3Ii6MhBysoWCg58j97aUjuCSZrGSmDxNqtytIi0k8utUenAwTZN4V5mXXYGsVUI9zeBqy+jBOSQ==}

  '@supabase/auth-js@2.95.3':
    resolution: {integrity: sha512-vD2YoS8E2iKIX0F7EwXTmqhUpaNsmbU6X2R0/NdFcs02oEfnHyNP/3M716f3wVJ2E5XHGiTFXki6lRckhJ0Thg==}
    engines: {node: '>=20.0.0'}

  '@supabase/functions-js@2.95.3':
    resolution: {integrity: sha512-uTuOAKzs9R/IovW1krO0ZbUHSJnsnyJElTXIRhjJTqymIVGcHzkAYnBCJqd7468Fs/Foz1BQ7Dv6DCl05lr7ig==}
    engines: {node: '>=20.0.0'}

  '@supabase/postgrest-js@2.95.3':
    resolution: {integrity: sha512-LTrRBqU1gOovxRm1vRXPItSMPBmEFqrfTqdPTRtzOILV4jPSueFz6pES5hpb4LRlkFwCPRmv3nQJ5N625V2Xrg==}
    engines: {node: '>=20.0.0'}

  '@supabase/realtime-js@2.95.3':
    resolution: {integrity: sha512-D7EAtfU3w6BEUxDACjowWNJo/ZRo7sDIuhuOGKHIm9FHieGeoJV5R6GKTLtga/5l/6fDr2u+WcW/m8I9SYmaIw==}
    engines: {node: '>=20.0.0'}

  '@supabase/storage-js@2.95.3':
    resolution: {integrity: sha512-4GxkJiXI3HHWjxpC3sDx1BVrV87O0hfX+wvJdqGv67KeCu+g44SPnII8y0LL/Wr677jB7tpjAxKdtVWf+xhc9A==}
    engines: {node: '>=20.0.0'}

  '@supabase/supabase-js@2.95.3':
    resolution: {integrity: sha512-Fukw1cUTQ6xdLiHDJhKKPu6svEPaCEDvThqCne3OaQyZvuq2qjhJAd91kJu3PXLG18aooCgYBaB6qQz35hhABg==}
    engines: {node: '>=20.0.0'}

  '@swc/counter@0.1.3':
    resolution: {integrity: sha512-e2BR4lsJkkRlKZ/qCHPw9ZaSxc0MVUd7gtbtaB7aMvHeJVYe8sOB8DBZkP2DtISHGSku9sCK6T6cnY0CtXrOCQ==}

  '@swc/helpers@0.5.5':
    resolution: {integrity: sha512-KGYxvIOXcceOAbEk4bi/dVLEK9z8sZ0uBB3Il5b1rhfClSpcX0yfRO0KmTkqR2cnQDymwLB+25ZyMzICg/cm/A==}

  '@types/node@22.19.10':
    resolution: {integrity: sha512-tF5VOugLS/EuDlTBijk0MqABfP8UxgYazTLo3uIn3b4yJgg26QRbVYJYsDtHrjdDUIRfP70+VfhTTc+CE1yskw==}

  '@types/phoenix@1.6.7':
    resolution: {integrity: sha512-oN9ive//QSBkf19rfDv45M7eZPi0eEXylht2OLEXicu5b4KoQ1OzXIw+xDSGWxSxe1JmepRR/ZH283vsu518/Q==}

  '@types/react-dom@19.2.3':
    resolution: {integrity: sha512-jp2L/eY6fn+KgVVQAOqYItbF0VY/YApe5Mz2F0aykSO8gx31bYCZyvSeYxCHKvzHG5eZjc+zyaS5BrBWya2+kQ==}
    peerDependencies:
      '@types/react': ^19.2.0

  '@types/react@19.2.13':
    resolution: {integrity: sha512-KkiJeU6VbYbUOp5ITMIc7kBfqlYkKA5KhEHVrGMmUUMt7NeaZg65ojdPk+FtNrBAOXNVM5QM72jnADjM+XVRAQ==}

  '@types/ws@8.18.1':
    resolution: {integrity: sha512-ThVF6DCVhA8kUGy+aazFQ4kXQ7E1Ty7A3ypFOe0IcJV8O/M511G99AW24irKrW56Wt44yG9+ij8FaqoBGkuBXg==}

  busboy@1.6.0:
    resolution: {integrity: sha512-8SFQbg/0hQ9xy3UNTB0YEnsNBbWfhf7RtnzpL7TkBiTBRfrQ9Fxcnz7VJsleJpyp6rVLvXiuORqjlHi5q+PYuA==}
    engines: {node: '>=10.16.0'}

  caniuse-lite@1.0.30001769:
    resolution: {integrity: sha512-BCfFL1sHijQlBGWBMuJyhZUhzo7wer5sVj9hqekB/7xn0Ypy+pER/edCYQm4exbXj4WiySGp40P8UuTh6w1srg==}

  client-only@0.0.1:
    resolution: {integrity: sha512-IV3Ou0jSMzZrd3pZ48nLkT9DA7Ag1pnPzaiQhpW7c3RbcqqzvzzVu+L8gfqMp/8IM2MQtSiqaCxrrcfu8I8rMA==}

  csstype@3.1.3:
    resolution: {integrity: sha512-M1uQkMl8rQK/szD0LNhtqxIPLpimGm8sOBwU7lLnCpSbTyY3yeU1Vc7l4KT5zT4s/yOxHH5O7tIuuLOCnLADRw==}

  csstype@3.2.3:
    resolution: {integrity: sha512-z1HGKcYy2xA8AGQfwrn0PAy+PB7X/GSj3UVJW9qKyn43xWa+gl5nXmU4qqLMRzWVLFC8KusUX8T/0kCiOYpAIQ==}

  dequal@2.0.3:
    resolution: {integrity: sha512-0je+qPKHEMohvfRTCEo3CrPG6cAzAYgmzKyxRiYSSDkS6eGJdyVJm7WaYA5ECaAD9wLB2T4EEeymA5aFVcYXCA==}
    engines: {node: '>=6'}

  fast-sha256@1.3.0:
    resolution: {integrity: sha512-n11RGP/lrWEFI/bWdygLxhI+pVeo1ZYIVwvvPkW7azl/rOy+F3HYRZ2K5zeE9mmkhQppyv9sQFx0JM9UabnpPQ==}

  glob-to-regexp@0.4.1:
    resolution: {integrity: sha512-lkX1HJXwyMcprw/5YUZc2s7DrpAiHB21/V+E1rHUrVNokkvB6bqMzT0VfV6/86ZNabt1k14YOIaT7nDvOX3Iiw==}

  graceful-fs@4.2.11:
    resolution: {integrity: sha512-RbJ5/jmFcNNCcDV5o9eTnBLJ/HszWV0P73bc+Ff4nS/rJj+YaS6IGyiOL0VoBYX+l1Wrl3k63h/KrH+nhJ0XvQ==}

  iceberg-js@0.8.1:
    resolution: {integrity: sha512-1dhVQZXhcHje7798IVM+xoo/1ZdVfzOMIc8/rgVSijRK38EDqOJoGula9N/8ZI5RD8QTxNQtK/Gozpr+qUqRRA==}
    engines: {node: '>=20.0.0'}

  js-cookie@3.0.5:
    resolution: {integrity: sha512-cEiJEAEoIbWfCZYKWhVwFuvPX1gETRYPw6LlaTKoxD3s2AkXzkCjnp6h0V77ozyqj0jakteJ4YqDJT830+lVGw==}
    engines: {node: '>=14'}

  js-tokens@4.0.0:
    resolution: {integrity: sha512-RdJUflcE3cUzKiMqQgsCu06FPu9UdIJO0beYbPhHN4k6apgJtifcoCtT9bcxOpYBtpD2kCM6Sbzg4CausW/PKQ==}

  loose-envify@1.4.0:
    resolution: {integrity: sha512-lyuxPGr/Wfhrlem2CL/UcnUc1zcqKAImBDzukY7Y5F/yQiNdko6+fRLevlw1HgMySw7f611UIY408EtxRSoK3Q==}
    hasBin: true

  lucide-react@0.460.0:
    resolution: {integrity: sha512-BVtq/DykVeIvRTJvRAgCsOwaGL8Un3Bxh8MbDxMhEWlZay3T4IpEKDEpwt5KZ0KJMHzgm6jrltxlT5eXOWXDHg==}
    peerDependencies:
      react: ^16.5.1 || ^17.0.0 || ^18.0.0 || ^19.0.0-rc

  nanoid@3.3.11:
    resolution: {integrity: sha512-N8SpfPUnUp1bK+PMYW8qSWdl9U+wwNWI4QKxOYDy9JAro3WMX7p2OeVRF9v+347pnakNevPmiHhNmZ2HbFA76w==}
    engines: {node: ^10 || ^12 || ^13.7 || ^14 || >=15.0.1}
    hasBin: true

  next@14.2.35:
    resolution: {integrity: sha512-KhYd2Hjt/O1/1aZVX3dCwGXM1QmOV4eNM2UTacK5gipDdPN/oHHK/4oVGy7X8GMfPMsUTUEmGlsy0EY1YGAkig==}
    engines: {node: '>=18.17.0'}
    hasBin: true
    peerDependencies:
      '@opentelemetry/api': ^1.1.0
      '@playwright/test': ^1.41.2
      react: ^18.2.0
      react-dom: ^18.2.0
      sass: ^1.3.0
    peerDependenciesMeta:
      '@opentelemetry/api':
        optional: true
      '@playwright/test':
        optional: true
      sass:
        optional: true

  picocolors@1.1.1:
    resolution: {integrity: sha512-xceH2snhtb5M9liqDsmEw56le376mTZkEX/jEb/RxNFyegNul7eNslCXP9FDj/Lcu0X8KEyMceP2ntpaHrDEVA==}

  postcss@8.4.31:
    resolution: {integrity: sha512-PS08Iboia9mts/2ygV3eLpY5ghnUcfLV/EXTOW1E2qYxJKGGBUtNjN76FYHnMs36RmARn41bC0AZmn+rR0OVpQ==}
    engines: {node: ^10 || ^12 || >=14}

  react-dom@18.3.1:
    resolution: {integrity: sha512-5m4nQKp+rZRb09LNH59GM4BxTh9251/ylbKIbpe7TpGxfJ+9kv6BLkLBXIjjspbgbnIBNqlI23tRnTWT0snUIw==}
    peerDependencies:
      react: ^18.3.1

  react@18.3.1:
    resolution: {integrity: sha512-wS+hAgJShR0KhEvPJArfuPVN1+Hz1t0Y6n5jLrGQbkb4urgPE/0Rve+1kMB1v/oWgHgm4WIcV+i7F2pTVj+2iQ==}
    engines: {node: '>=0.10.0'}

  scheduler@0.23.2:
    resolution: {integrity: sha512-UOShsPwz7NrMUqhR6t0hWjFduvOzbtv7toDH1/hIrfRNIDBnnBWd0CwJTGvTpngVlmwGCdP9/Zl/tVrDqcuYzQ==}

  server-only@0.0.1:
    resolution: {integrity: sha512-qepMx2JxAa5jjfzxG79yPPq+8BuFToHd1hm7kI+Z4zAq1ftQiP7HcxMhDDItrbtwVeLg/cY2JnKnrcFkmiswNA==}

  source-map-js@1.2.1:
    resolution: {integrity: sha512-UXWMKhLOwVKb728IUtQPXxfYU+usdybtUrK/8uGE8CQMvrhOpwvzDBwj0QhSL7MQc7vIsISBG8VQ8+IDQxpfQA==}
    engines: {node: '>=0.10.0'}

  standardwebhooks@1.0.0:
    resolution: {integrity: sha512-BbHGOQK9olHPMvQNHWul6MYlrRTAOKn03rOe4A8O3CLWhNf4YHBqq2HJKKC+sfqpxiBY52pNeesD6jIiLDz8jg==}

  std-env@3.10.0:
    resolution: {integrity: sha512-5GS12FdOZNliM5mAOxFRg7Ir0pWz8MdpYm6AY6VPkGpbA7ZzmbzNcBJQ0GPvvyWgcY7QAhCgf9Uy89I03faLkg==}

  streamsearch@1.1.0:
    resolution: {integrity: sha512-Mcc5wHehp9aXz1ax6bZUyY5afg9u2rv5cqQI3mRrYkGC8rW2hM02jWuwjtL++LS5qinSyhj2QfLyNsuc+VsExg==}
    engines: {node: '>=10.0.0'}

  styled-jsx@5.1.1:
    resolution: {integrity: sha512-pW7uC1l4mBZ8ugbiZrcIsiIvVx1UmTfw7UkC3Um2tmfUq9Bhk8IiyEIPl6F8agHgjzku6j0xQEZbfA5uSgSaCw==}
    engines: {node: '>= 12.0.0'}
    peerDependencies:
      '@babel/core': '*'
      babel-plugin-macros: '*'
      react: '>= 16.8.0 || 17.x.x || ^18.0.0-0'
    peerDependenciesMeta:
      '@babel/core':
        optional: true
      babel-plugin-macros:
        optional: true

  swr@2.3.4:
    resolution: {integrity: sha512-bYd2lrhc+VarcpkgWclcUi92wYCpOgMws9Sd1hG1ntAu0NEy+14CbotuFjshBU2kt9rYj9TSmDcybpxpeTU1fg==}
    peerDependencies:
      react: ^16.11.0 || ^17.0.0 || ^18.0.0 || ^19.0.0

  tslib@2.8.1:
    resolution: {integrity: sha512-oJFu94HQb+KVduSUQL7wnpmqnfmLsOA/nAh6b6EH0wCEoK0/mPeXU6c3wKDV83MkOuHPRHtSXKKU99IBazS/2w==}

  typescript@5.9.3:
    resolution: {integrity: sha512-jl1vZzPDinLr9eUt3J/t7V6FgNEw9QjvBPdysz9KfQDD41fQrC2Y4vKQdiaUpFT4bXlb1RHhLpp8wtm6M5TgSw==}
    engines: {node: '>=14.17'}
    hasBin: true

  undici-types@6.21.0:
    resolution: {integrity: sha512-iwDZqg0QAGrg9Rav5H4n0M64c3mkR59cJ6wQp+7C4nI0gsmExaedaYLNO44eT4AtBBwjbTiGPMlt2Md0T9H9JQ==}

  use-sync-external-store@1.6.0:
    resolution: {integrity: sha512-Pp6GSwGP/NrPIrxVFAIkOQeyw8lFenOHijQWkUTrDvrF4ALqylP2C/KCkeS9dpUM3KvYRQhna5vt7IL95+ZQ9w==}
    peerDependencies:
      react: ^16.8.0 || ^17.0.0 || ^18.0.0 || ^19.0.0

  ws@8.19.0:
    resolution: {integrity: sha512-blAT2mjOEIi0ZzruJfIhb3nps74PRWTCz1IjglWEEpQl5XS/UNama6u2/rjFkDDouqr4L67ry+1aGIALViWjDg==}
    engines: {node: '>=10.0.0'}
    peerDependencies:
      bufferutil: ^4.0.1
      utf-8-validate: '>=5.0.2'
    peerDependenciesMeta:
      bufferutil:
        optional: true
      utf-8-validate:
        optional: true

snapshots:

  '@clerk/backend@2.30.1(react-dom@18.3.1(react@18.3.1))(react@18.3.1)':
    dependencies:
      '@clerk/shared': 3.44.0(react-dom@18.3.1(react@18.3.1))(react@18.3.1)
      '@clerk/types': 4.101.14(react-dom@18.3.1(react@18.3.1))(react@18.3.1)
      standardwebhooks: 1.0.0
      tslib: 2.8.1
    transitivePeerDependencies:
      - react
      - react-dom

  '@clerk/clerk-react@5.60.0(react-dom@18.3.1(react@18.3.1))(react@18.3.1)':
    dependencies:
      '@clerk/shared': 3.44.0(react-dom@18.3.1(react@18.3.1))(react@18.3.1)
      react: 18.3.1
      react-dom: 18.3.1(react@18.3.1)
      tslib: 2.8.1

  '@clerk/nextjs@6.37.3(next@14.2.35(react-dom@18.3.1(react@18.3.1))(react@18.3.1))(react-dom@18.3.1(react@18.3.1))(react@18.3.1)':
    dependencies:
      '@clerk/backend': 2.30.1(react-dom@18.3.1(react@18.3.1))(react@18.3.1)
      '@clerk/clerk-react': 5.60.0(react-dom@18.3.1(react@18.3.1))(react@18.3.1)
      '@clerk/shared': 3.44.0(react-dom@18.3.1(react@18.3.1))(react@18.3.1)
      '@clerk/types': 4.101.14(react-dom@18.3.1(react@18.3.1))(react@18.3.1)
      next: 14.2.35(react-dom@18.3.1(react@18.3.1))(react@18.3.1)
      react: 18.3.1
      react-dom: 18.3.1(react@18.3.1)
      server-only: 0.0.1
      tslib: 2.8.1

  '@clerk/shared@3.44.0(react-dom@18.3.1(react@18.3.1))(react@18.3.1)':
    dependencies:
      csstype: 3.1.3
      dequal: 2.0.3
      glob-to-regexp: 0.4.1
      js-cookie: 3.0.5
      std-env: 3.10.0
      swr: 2.3.4(react@18.3.1)
    optionalDependencies:
      react: 18.3.1
      react-dom: 18.3.1(react@18.3.1)

  '@clerk/types@4.101.14(react-dom@18.3.1(react@18.3.1))(react@18.3.1)':
    dependencies:
      '@clerk/shared': 3.44.0(react-dom@18.3.1(react@18.3.1))(react@18.3.1)
    transitivePeerDependencies:
      - react
      - react-dom

  '@next/env@14.2.35': {}

  '@next/swc-darwin-arm64@14.2.33':
    optional: true

  '@next/swc-darwin-x64@14.2.33':
    optional: true

  '@next/swc-linux-arm64-gnu@14.2.33':
    optional: true

  '@next/swc-linux-arm64-musl@14.2.33':
    optional: true

  '@next/swc-linux-x64-gnu@14.2.33':
    optional: true

  '@next/swc-linux-x64-musl@14.2.33':
    optional: true

  '@next/swc-win32-arm64-msvc@14.2.33':
    optional: true

  '@next/swc-win32-ia32-msvc@14.2.33':
    optional: true

  '@next/swc-win32-x64-msvc@14.2.33':
    optional: true

  '@stablelib/base64@1.0.1': {}

  '@supabase/auth-js@2.95.3':
    dependencies:
      tslib: 2.8.1

  '@supabase/functions-js@2.95.3':
    dependencies:
      tslib: 2.8.1

  '@supabase/postgrest-js@2.95.3':
    dependencies:
      tslib: 2.8.1

  '@supabase/realtime-js@2.95.3':
    dependencies:
      '@types/phoenix': 1.6.7
      '@types/ws': 8.18.1
      tslib: 2.8.1
      ws: 8.19.0
    transitivePeerDependencies:
      - bufferutil
      - utf-8-validate

  '@supabase/storage-js@2.95.3':
    dependencies:
      iceberg-js: 0.8.1
      tslib: 2.8.1

  '@supabase/supabase-js@2.95.3':
    dependencies:
      '@supabase/auth-js': 2.95.3
      '@supabase/functions-js': 2.95.3
      '@supabase/postgrest-js': 2.95.3
      '@supabase/realtime-js': 2.95.3
      '@supabase/storage-js': 2.95.3
    transitivePeerDependencies:
      - bufferutil
      - utf-8-validate

  '@swc/counter@0.1.3': {}

  '@swc/helpers@0.5.5':
    dependencies:
      '@swc/counter': 0.1.3
      tslib: 2.8.1

  '@types/node@22.19.10':
    dependencies:
      undici-types: 6.21.0

  '@types/phoenix@1.6.7': {}

  '@types/react-dom@19.2.3(@types/react@19.2.13)':
    dependencies:
      '@types/react': 19.2.13

  '@types/react@19.2.13':
    dependencies:
      csstype: 3.2.3

  '@types/ws@8.18.1':
    dependencies:
      '@types/node': 22.19.10

  busboy@1.6.0:
    dependencies:
      streamsearch: 1.1.0

  caniuse-lite@1.0.30001769: {}

  client-only@0.0.1: {}

  csstype@3.1.3: {}

  csstype@3.2.3: {}

  dequal@2.0.3: {}

  fast-sha256@1.3.0: {}

  glob-to-regexp@0.4.1: {}

  graceful-fs@4.2.11: {}

  iceberg-js@0.8.1: {}

  js-cookie@3.0.5: {}

  js-tokens@4.0.0: {}

  loose-envify@1.4.0:
    dependencies:
      js-tokens: 4.0.0

  lucide-react@0.460.0(react@18.3.1):
    dependencies:
      react: 18.3.1

  nanoid@3.3.11: {}

  next@14.2.35(react-dom@18.3.1(react@18.3.1))(react@18.3.1):
    dependencies:
      '@next/env': 14.2.35
      '@swc/helpers': 0.5.5
      busboy: 1.6.0
      caniuse-lite: 1.0.30001769
      graceful-fs: 4.2.11
      postcss: 8.4.31
      react: 18.3.1
      react-dom: 18.3.1(react@18.3.1)
      styled-jsx: 5.1.1(react@18.3.1)
    optionalDependencies:
      '@next/swc-darwin-arm64': 14.2.33
      '@next/swc-darwin-x64': 14.2.33
      '@next/swc-linux-arm64-gnu': 14.2.33
      '@next/swc-linux-arm64-musl': 14.2.33
      '@next/swc-linux-x64-gnu': 14.2.33
      '@next/swc-linux-x64-musl': 14.2.33
      '@next/swc-win32-arm64-msvc': 14.2.33
      '@next/swc-win32-ia32-msvc': 14.2.33
      '@next/swc-win32-x64-msvc': 14.2.33
    transitivePeerDependencies:
      - '@babel/core'
      - babel-plugin-macros

  picocolors@1.1.1: {}

  postcss@8.4.31:
    dependencies:
      nanoid: 3.3.11
      picocolors: 1.1.1
      source-map-js: 1.2.1

  react-dom@18.3.1(react@18.3.1):
    dependencies:
      loose-envify: 1.4.0
      react: 18.3.1
      scheduler: 0.23.2

  react@18.3.1:
    dependencies:
      loose-envify: 1.4.0

  scheduler@0.23.2:
    dependencies:
      loose-envify: 1.4.0

  server-only@0.0.1: {}

  source-map-js@1.2.1: {}

  standardwebhooks@1.0.0:
    dependencies:
      '@stablelib/base64': 1.0.1
      fast-sha256: 1.3.0

  std-env@3.10.0: {}

  streamsearch@1.1.0: {}

  styled-jsx@5.1.1(react@18.3.1):
    dependencies:
      client-only: 0.0.1
      react: 18.3.1

  swr@2.3.4(react@18.3.1):
    dependencies:
      dequal: 2.0.3
      react: 18.3.1
      use-sync-external-store: 1.6.0(react@18.3.1)

  tslib@2.8.1: {}

  typescript@5.9.3: {}

  undici-types@6.21.0: {}

  use-sync-external-store@1.6.0(react@18.3.1):
    dependencies:
      react: 18.3.1

  ws@8.19.0: {}
